// !$*UTF8*$!
{
	archiveVersion = 1;
	classes = {
	};
	objectVersion = 46;
	objects = {

/* Begin PBXBuildFile section */
		21838FA42919B11F00BDF888 /* libtriq.a in Frameworks */ = {isa = PBXBuildFile; fileRef = 21838FA32919B11F00BDF888 /* libtriq.a */; };
		21FAABF71ED57B5A00AEECA1 /* GeneratePreviewForURL.m in Sources */ = {isa = PBXBuildFile; fileRef = 21FAABEF1ED57B1C00AEECA1 /* GeneratePreviewForURL.m */; };
		21FAABF81ED57B5A00AEECA1 /* GenerateThumbnailForURL.m in Sources */ = {isa = PBXBuildFile; fileRef = 21FAABF01ED57B1C00AEECA1 /* GenerateThumbnailForURL.m */; };
		21FAABF91ED57B5A00AEECA1 /* main.c in Sources */ = {isa = PBXBuildFile; fileRef = 21FAABF21ED57B1C00AEECA1 /* main.c */; };
		21FAABFC1ED57B8700AEECA1 /* SpectrogramImage.h in Headers */ = {isa = PBXBuildFile; fileRef = 21FAABFA1ED57B8700AEECA1 /* SpectrogramImage.h */; };
		21FAABFD1ED57B8700AEECA1 /* SpectrogramImage.m in Sources */ = {isa = PBXBuildFile; fileRef = 21FAABFB1ED57B8700AEECA1 /* SpectrogramImage.m */; };
		21FAAC0B1ED580A000AEECA1 /* ApplicationServices.framework in Frameworks */ = {isa = PBXBuildFile; fileRef = 21FAAC061ED580A000AEECA1 /* ApplicationServices.framework */; };
		21FAAC0C1ED580A000AEECA1 /* CoreFoundation.framework in Frameworks */ = {isa = PBXBuildFile; fileRef = 21FAAC071ED580A000AEECA1 /* CoreFoundation.framework */; };
		21FAAC0D1ED580A000AEECA1 /* CoreServices.framework in Frameworks */ = {isa = PBXBuildFile; fileRef = 21FAAC081ED580A000AEECA1 /* CoreServices.framework */; };
		21FAAC0E1ED580A000AEECA1 /* Foundation.framework in Frameworks */ = {isa = PBXBuildFile; fileRef = 21FAAC091ED580A000AEECA1 /* Foundation.framework */; };
		21FAAC0F1ED580A000AEECA1 /* QuickLook.framework in Frameworks */ = {isa = PBXBuildFile; fileRef = 21FAAC0A1ED580A000AEECA1 /* QuickLook.framework */; };
		21FAAC131ED5868100AEECA1 /* InfoPlist.strings in Resources */ = {isa = PBXBuildFile; fileRef = 21FAAC121ED5868100AEECA1 /* InfoPlist.strings */; };
/* End PBXBuildFile section */

/* Begin PBXFileReference section */
		21838FA32919B11F00BDF888 /* libtriq.a */ = {isa = PBXFileReference; lastKnownFileType = archive.ar; name = libtriq.a; path = lib/libtriq.a; sourceTree = "<group>"; };
		21FAABE01ED5792600AEECA1 /* IQSpectrogram.qlgenerator */ = {isa = PBXFileReference; explicitFileType = wrapper.cfbundle; includeInIndex = 0; path = IQSpectrogram.qlgenerator; sourceTree = BUILT_PRODUCTS_DIR; };
		21FAABEF1ED57B1C00AEECA1 /* GeneratePreviewForURL.m */ = {isa = PBXFileReference; fileEncoding = 4; lastKnownFileType = sourcecode.c.objc; path = GeneratePreviewForURL.m; sourceTree = SOURCE_ROOT; };
		21FAABF01ED57B1C00AEECA1 /* GenerateThumbnailForURL.m */ = {isa = PBXFileReference; fileEncoding = 4; lastKnownFileType = sourcecode.c.objc; path = GenerateThumbnailForURL.m; sourceTree = SOURCE_ROOT; };
		21FAABF11ED57B1C00AEECA1 /* Info.plist */ = {isa = PBXFileReference; fileEncoding = 4; lastKnownFileType = text.plist.xml; path = Info.plist; sourceTree = SOURCE_ROOT; };
		21FAABF21ED57B1C00AEECA1 /* main.c */ = {isa = PBXFileReference; fileEncoding = 4; lastKnownFileType = sourcecode.c.c; path = main.c; sourceTree = SOURCE_ROOT; };
		21FAABFA1ED57B8700AEECA1 /* SpectrogramImage.h */ = {isa = PBXFileReference; fileEncoding = 4; lastKnownFileType = sourcecode.c.h; path = SpectrogramImage.h; sourceTree = SOURCE_ROOT; };
		21FAABFB1ED57B8700AEECA1 /* SpectrogramImage.m */ = {isa = PBXFileReference; fileEncoding = 4; lastKnownFileType = sourcecode.c.objc; path = SpectrogramImage.m; sourceTree = SOURCE_ROOT; };
		21FAAC061ED580A000AEECA1 /* ApplicationServices.framework */ = {isa = PBXFileReference; lastKnownFileType = wrapper.framework; name = ApplicationServices.framework; path = System/Library/Frameworks/ApplicationServices.framework; sourceTree = SDKROOT; };
		21FAAC071ED580A000AEECA1 /* CoreFoundation.framework */ = {isa = PBXFileReference; lastKnownFileType = wrapper.framework; name = CoreFoundation.framework; path = System/Library/Frameworks/CoreFoundation.framework; sourceTree = SDKROOT; };
		21FAAC081ED580A000AEECA1 /* CoreServices.framework */ = {isa = PBXFileReference; lastKnownFileType = wrapper.framework; name = CoreServices.framework; path = System/Library/Frameworks/CoreServices.framework; sourceTree = SDKROOT; };
		21FAAC091ED580A000AEECA1 /* Foundation.framework */ = {isa = PBXFileReference; lastKnownFileType = wrapper.framework; name = Foundation.framework; path = System/Library/Frameworks/Foundation.framework; sourceTree = SDKROOT; };
		21FAAC0A1ED580A000AEECA1 /* QuickLook.framework */ = {isa = PBXFileReference; lastKnownFileType = wrapper.framework; name = QuickLook.framework; path = System/Library/Frameworks/QuickLook.framework; sourceTree = SDKROOT; };
		21FAAC121ED5868100AEECA1 /* InfoPlist.strings */ = {isa = PBXFileReference; fileEncoding = 4; lastKnownFileType = text.plist.strings; path = InfoPlist.strings; sourceTree = SOURCE_ROOT; };
/* End PBXFileReference section */

/* Begin PBXFrameworksBuildPhase section */
		21FAABDC1ED5792600AEECA1 /* Frameworks */ = {
			isa = PBXFrameworksBuildPhase;
			buildActionMask = 2147483647;
			files = (
				21FAAC0B1ED580A000AEECA1 /* ApplicationServices.framework in Frameworks */,
				21838FA42919B11F00BDF888 /* libtriq.a in Frameworks */,
				21FAAC0C1ED580A000AEECA1 /* CoreFoundation.framework in Frameworks */,
				21FAAC0D1ED580A000AEECA1 /* CoreServices.framework in Frameworks */,
				21FAAC0E1ED580A000AEECA1 /* Foundation.framework in Frameworks */,
				21FAAC0F1ED580A000AEECA1 /* QuickLook.framework in Frameworks */,
			);
			runOnlyForDeploymentPostprocessing = 0;
		};
/* End PBXFrameworksBuildPhase section */

/* Begin PBXGroup section */
		21FAABD61ED5792600AEECA1 = {
			isa = PBXGroup;
			children = (
				21FAABFE1ED57BA300AEECA1 /* Resources */,
				21FAABE21ED5792600AEECA1 /* Source */,
				21FAABE11ED5792600AEECA1 /* Products */,
				21FAABFF1ED57CDC00AEECA1 /* Frameworks */,
			);
			sourceTree = "<group>";
		};
		21FAABE11ED5792600AEECA1 /* Products */ = {
			isa = PBXGroup;
			children = (
				21FAABE01ED5792600AEECA1 /* IQSpectrogram.qlgenerator */,
			);
			name = Products;
			sourceTree = "<group>";
		};
		21FAABE21ED5792600AEECA1 /* Source */ = {
			isa = PBXGroup;
			children = (
				21FAABFA1ED57B8700AEECA1 /* SpectrogramImage.h */,
				21FAABFB1ED57B8700AEECA1 /* SpectrogramImage.m */,
				21FAABEF1ED57B1C00AEECA1 /* GeneratePreviewForURL.m */,
				21FAABF01ED57B1C00AEECA1 /* GenerateThumbnailForURL.m */,
				21FAABF21ED57B1C00AEECA1 /* main.c */,
			);
			name = Source;
			path = IQSpectrogram;
			sourceTree = "<group>";
		};
		21FAABFE1ED57BA300AEECA1 /* Resources */ = {
			isa = PBXGroup;
			children = (
				21FAAC121ED5868100AEECA1 /* InfoPlist.strings */,
				21FAABF11ED57B1C00AEECA1 /* Info.plist */,
			);
			name = Resources;
			path = IQSpectrogram;
			sourceTree = "<group>";
		};
		21FAABFF1ED57CDC00AEECA1 /* Frameworks */ = {
			isa = PBXGroup;
			children = (
				21838FA32919B11F00BDF888 /* libtriq.a */,
				21FAAC061ED580A000AEECA1 /* ApplicationServices.framework */,
				21FAAC071ED580A000AEECA1 /* CoreFoundation.framework */,
				21FAAC081ED580A000AEECA1 /* CoreServices.framework */,
				21FAAC091ED580A000AEECA1 /* Foundation.framework */,
				21FAAC0A1ED580A000AEECA1 /* QuickLook.framework */,
			);
			name = Frameworks;
			sourceTree = "<group>";
		};
/* End PBXGroup section */

/* Begin PBXHeadersBuildPhase section */
		21FAABDD1ED5792600AEECA1 /* Headers */ = {
			isa = PBXHeadersBuildPhase;
			buildActionMask = 2147483647;
			files = (
				21FAABFC1ED57B8700AEECA1 /* SpectrogramImage.h in Headers */,
			);
			runOnlyForDeploymentPostprocessing = 0;
		};
/* End PBXHeadersBuildPhase section */

/* Begin PBXNativeTarget section */
		21FAABDF1ED5792600AEECA1 /* IQSpectrogram */ = {
			isa = PBXNativeTarget;
			buildConfigurationList = 21FAABEC1ED5792600AEECA1 /* Build configuration list for PBXNativeTarget "IQSpectrogram" */;
			buildPhases = (
				21FAABDB1ED5792600AEECA1 /* Sources */,
				21FAABDC1ED5792600AEECA1 /* Frameworks */,
				21FAABDD1ED5792600AEECA1 /* Headers */,
				21FAABDE1ED5792600AEECA1 /* Resources */,
			);
			buildRules = (
			);
			dependencies = (
			);
			name = IQSpectrogram;
			productName = IQSpectrogram;
			productReference = 21FAABE01ED5792600AEECA1 /* IQSpectrogram.qlgenerator */;
			productType = "com.apple.product-type.bundle";
		};
/* End PBXNativeTarget section */

/* Begin PBXProject section */
		21FAABD71ED5792600AEECA1 /* Project object */ = {
			isa = PBXProject;
			attributes = {
				LastUpgradeCheck = 0910;
				ORGANIZATIONNAME = "Christian Zuckschwerdt";
				TargetAttributes = {
					21FAABDF1ED5792600AEECA1 = {
						CreatedOnToolsVersion = 8.3.2;
						ProvisioningStyle = Automatic;
					};
				};
			};
			buildConfigurationList = 21FAABDA1ED5792600AEECA1 /* Build configuration list for PBXProject "IQSpectrogram" */;
			compatibilityVersion = "Xcode 3.2";
			developmentRegion = English;
			hasScannedForEncodings = 0;
			knownRegions = (
				English,
				en,
			);
			mainGroup = 21FAABD61ED5792600AEECA1;
			productRefGroup = 21FAABE11ED5792600AEECA1 /* Products */;
			projectDirPath = "";
			projectRoot = "";
			targets = (
				21FAABDF1ED5792600AEECA1 /* IQSpectrogram */,
			);
		};
/* End PBXProject section */

/* Begin PBXResourcesBuildPhase section */
		21FAABDE1ED5792600AEECA1 /* Resources */ = {
			isa = PBXResourcesBuildPhase;
			buildActionMask = 2147483647;
			files = (
				21FAAC131ED5868100AEECA1 /* InfoPlist.strings in Resources */,
			);
			runOnlyForDeploymentPostprocessing = 0;
		};
/* End PBXResourcesBuildPhase section */

/* Begin PBXSourcesBuildPhase section */
		21FAABDB1ED5792600AEECA1 /* Sources */ = {
			isa = PBXSourcesBuildPhase;
			buildActionMask = 2147483647;
			files = (
				21FAABF71ED57B5A00AEECA1 /* GeneratePreviewForURL.m in Sources */,
				21FAABF81ED57B5A00AEECA1 /* GenerateThumbnailForURL.m in Sources */,
				21FAABF91ED57B5A00AEECA1 /* main.c in Sources */,
				21FAABFD1ED57B8700AEECA1 /* SpectrogramImage.m in Sources */,
			);
			runOnlyForDeploymentPostprocessing = 0;
		};
/* End PBXSourcesBuildPhase section */

/* Begin XCBuildConfiguration section */
		21FAABEA1ED5792600AEECA1 /* Debug */ = {
			isa = XCBuildConfiguration;
			buildSettings = {
				ALWAYS_SEARCH_USER_PATHS = NO;
				ARCHS = (
					x86_64,
					arm64,
				);
				CLANG_ANALYZER_NONNULL = YES;
				CLANG_ANALYZER_NUMBER_OBJECT_CONVERSION = YES_AGGRESSIVE;
				CLANG_CXX_LANGUAGE_STANDARD = "gnu++0x";
				CLANG_CXX_LIBRARY = "libc++";
				CLANG_ENABLE_MODULES = YES;
				CLANG_ENABLE_OBJC_ARC = YES;
				CLANG_WARN_BLOCK_CAPTURE_AUTORELEASING = YES;
				CLANG_WARN_BOOL_CONVERSION = YES;
				CLANG_WARN_COMMA = YES;
				CLANG_WARN_CONSTANT_CONVERSION = YES;
				CLANG_WARN_DIRECT_OBJC_ISA_USAGE = YES_ERROR;
				CLANG_WARN_DOCUMENTATION_COMMENTS = YES;
				CLANG_WARN_EMPTY_BODY = YES;
				CLANG_WARN_ENUM_CONVERSION = YES;
				CLANG_WARN_INFINITE_RECURSION = YES;
				CLANG_WARN_INT_CONVERSION = YES;
				CLANG_WARN_NON_LITERAL_NULL_CONVERSION = YES;
				CLANG_WARN_OBJC_LITERAL_CONVERSION = YES;
				CLANG_WARN_OBJC_ROOT_CLASS = YES_ERROR;
				CLANG_WARN_RANGE_LOOP_ANALYSIS = YES;
				CLANG_WARN_STRICT_PROTOTYPES = YES;
				CLANG_WARN_SUSPICIOUS_MOVE = YES;
				CLANG_WARN_UNREACHABLE_CODE = YES;
				CLANG_WARN__DUPLICATE_METHOD_MATCH = YES;
				CODE_SIGN_IDENTITY = "-";
				COPY_PHASE_STRIP = NO;
				DEBUG_INFORMATION_FORMAT = dwarf;
				ENABLE_STRICT_OBJC_MSGSEND = YES;
				ENABLE_TESTABILITY = YES;
				GCC_C_LANGUAGE_STANDARD = gnu99;
				GCC_DYNAMIC_NO_PIC = NO;
				GCC_NO_COMMON_BLOCKS = YES;
				GCC_OPTIMIZATION_LEVEL = 0;
				GCC_PREPROCESSOR_DEFINITIONS = (
					"DEBUG=1",
					"$(inherited)",
				);
				GCC_WARN_64_TO_32_BIT_CONVERSION = YES;
				GCC_WARN_ABOUT_RETURN_TYPE = YES_ERROR;
				GCC_WARN_UNDECLARED_SELECTOR = YES;
				GCC_WARN_UNINITIALIZED_AUTOS = YES_AGGRESSIVE;
				GCC_WARN_UNUSED_FUNCTION = YES;
				GCC_WARN_UNUSED_VARIABLE = YES;
				MACOSX_DEPLOYMENT_TARGET = 10.12;
				MTL_ENABLE_DEBUG_INFO = YES;
				ONLY_ACTIVE_ARCH = YES;
				SDKROOT = macosx;
				VALID_ARCHS = "i386 x86_64 arm64";
			};
			name = Debug;
		};
		21FAABEB1ED5792600AEECA1 /* Release */ = {
			isa = XCBuildConfiguration;
			buildSettings = {
				ALWAYS_SEARCH_USER_PATHS = NO;
				ARCHS = (
					x86_64,
					arm64,
				);
				CLANG_ANALYZER_NONNULL = YES;
				CLANG_ANALYZER_NUMBER_OBJECT_CONVERSION = YES_AGGRESSIVE;
				CLANG_CXX_LANGUAGE_STANDARD = "gnu++0x";
				CLANG_CXX_LIBRARY = "libc++";
				CLANG_ENABLE_MODULES = YES;
				CLANG_ENABLE_OBJC_ARC = YES;
				CLANG_WARN_BLOCK_CAPTURE_AUTORELEASING = YES;
				CLANG_WARN_BOOL_CONVERSION = YES;
				CLANG_WARN_COMMA = YES;
				CLANG_WARN_CONSTANT_CONVERSION = YES;
				CLANG_WARN_DIRECT_OBJC_ISA_USAGE = YES_ERROR;
				CLANG_WARN_DOCUMENTATION_COMMENTS = YES;
				CLANG_WARN_EMPTY_BODY = YES;
				CLANG_WARN_ENUM_CONVERSION = YES;
				CLANG_WARN_INFINITE_RECURSION = YES;
				CLANG_WARN_INT_CONVERSION = YES;
				CLANG_WARN_NON_LITERAL_NULL_CONVERSION = YES;
				CLANG_WARN_OBJC_LITERAL_CONVERSION = YES;
				CLANG_WARN_OBJC_ROOT_CLASS = YES_ERROR;
				CLANG_WARN_RANGE_LOOP_ANALYSIS = YES;
				CLANG_WARN_STRICT_PROTOTYPES = YES;
				CLANG_WARN_SUSPICIOUS_MOVE = YES;
				CLANG_WARN_UNREACHABLE_CODE = YES;
				CLANG_WARN__DUPLICATE_METHOD_MATCH = YES;
				CODE_SIGN_IDENTITY = "-";
				COPY_PHASE_STRIP = NO;
				DEBUG_INFORMATION_FORMAT = "dwarf-with-dsym";
				ENABLE_NS_ASSERTIONS = NO;
				ENABLE_STRICT_OBJC_MSGSEND = YES;
				GCC_C_LANGUAGE_STANDARD = gnu99;
				GCC_NO_COMMON_BLOCKS = YES;
				GCC_WARN_64_TO_32_BIT_CONVERSION = YES;
				GCC_WARN_ABOUT_RETURN_TYPE = YES_ERROR;
				GCC_WARN_UNDECLARED_SELECTOR = YES;
				GCC_WARN_UNINITIALIZED_AUTOS = YES_AGGRESSIVE;
				GCC_WARN_UNUSED_FUNCTION = YES;
				GCC_WARN_UNUSED_VARIABLE = YES;
				MACOSX_DEPLOYMENT_TARGET = 10.12;
				MTL_ENABLE_DEBUG_INFO = NO;
				SDKROOT = macosx;
				VALID_ARCHS = "i386 x86_64 arm64";
			};
			name = Release;
		};
		21FAABED1ED5792600AEECA1 /* Debug */ = {
			isa = XCBuildConfiguration;
			buildSettings = {
				CLANG_ENABLE_OBJC_ARC = NO;
				COMBINE_HIDPI_IMAGES = YES;
				HEADER_SEARCH_PATHS = ./include;
				INFOPLIST_FILE = Info.plist;
				INSTALL_PATH = /Library/QuickLook;
				LIBRARY_SEARCH_PATHS = (
					"$(inherited)",
					"$(PROJECT_DIR)/lib",
				);
				MACOSX_DEPLOYMENT_TARGET = 10.12;
				PRODUCT_BUNDLE_IDENTIFIER = org.triq.qlgenerator.IQSpectrogram;
				PRODUCT_NAME = "$(TARGET_NAME)";
				WRAPPER_EXTENSION = qlgenerator;
			};
			name = Debug;
		};
		21FAABEE1ED5792600AEECA1 /* Release */ = {
			isa = XCBuildConfiguration;
			buildSettings = {
				CLANG_ENABLE_OBJC_ARC = NO;
				COMBINE_HIDPI_IMAGES = YES;
				HEADER_SEARCH_PATHS = ./include;
				INFOPLIST_FILE = Info.plist;
				INSTALL_PATH = /Library/QuickLook;
				LIBRARY_SEARCH_PATHS = (
					"$(inherited)",
					"$(PROJECT_DIR)/lib",
				);
				MACOSX_DEPLOYMENT_TARGET = 10.12;
				PRODUCT_BUNDLE_IDENTIFIER = org.triq.qlgenerator.IQSpectrogram;
				PRODUCT_NAME = "$(TARGET_NAME)";
				WRAPPER_EXTENSION = qlgenerator;
			};
			name = Release;
		};
/* End XCBuildConfiguration section */

/* Begin XCConfigurationList section */
		21FAABDA1ED5792600AEECA1 /* Build configuration list for PBXProject "IQSpectrogram" */ = {
			isa = XCConfigurationList;
			buildConfigurations = (
				21FAABEA1ED5792600AEECA1 /* Debug */,
				21FAABEB1ED5792600AEECA1 /* Release */,
			);
			defaultConfigurationIsVisible = 0;
			defaultConfigurationName = Release;
		};
		21FAABEC1ED5792600AEECA1 /* Build configuration list for PBXNativeTarget "IQSpectrogram" */ = {
			isa = XCConfigurationList;
			buildConfigurations = (
				21FAABED1ED5792600AEECA1 /* Debug */,
				21FAABEE1ED5792600AEECA1 /* Release */,
			);
			defaultConfigurationIsVisible = 0;
			defaultConfigurationName = Release;
		};
/* End XCConfigurationList section */
	};
	rootObject = 21FAABD71ED5792600AEECA1 /* Project object */;
}
